
Microsoft Visual Studio Solution File, Format Version 12.00
Project("{FAE04EC0-301F-11D3-BF4B-00C04F79EFBC}") = "day1", "day1\day1.csproj", "{0FDAE133-4CA5-4FC3-AC76-B8FA6E8E0EFF}"
EndProject
Project("{FAE04EC0-301F-11D3-BF4B-00C04F79EFBC}") = "day2", "day2\day2.csproj", "{3117E5F2-244E-4AEC-A37C-9EC29FDFB960}"
EndProject
Global
	GlobalSection(SolutionConfigurationPlatforms) = preSolution
		Debug|Any CPU = Debug|Any CPU
		Release|Any CPU = Release|Any CPU
	EndGlobalSection
	GlobalSection(ProjectConfigurationPlatforms) = postSolution
		{0FDAE133-4CA5-4FC3-AC76-B8FA6E8E0EFF}.Debug|Any CPU.ActiveCfg = Debug|Any CPU
		{0FDAE133-4CA5-4FC3-AC76-B8FA6E8E0EFF}.Debug|Any CPU.Build.0 = Debug|Any CPU
		{0FDAE133-4CA5-4FC3-AC76-B8FA6E8E0EFF}.Release|Any CPU.ActiveCfg = Release|Any CPU
		{0FDAE133-4CA5-4FC3-AC76-B8FA6E8E0EFF}.Release|Any CPU.Build.0 = Release|Any CPU
		{3117E5F2-244E-4AEC-A37C-9EC29FDFB960}.Debug|Any CPU.ActiveCfg = Debug|Any CPU
		{3117E5F2-244E-4AEC-A37C-9EC29FDFB960}.Debug|Any CPU.Build.0 = Debug|Any CPU
		{3117E5F2-244E-4AEC-A37C-9EC29FDFB960}.Release|Any CPU.ActiveCfg = Release|Any CPU
		{3117E5F2-244E-4AEC-A37C-9EC29FDFB960}.Release|Any CPU.Build.0 = Release|Any CPU
	EndGlobalSection
EndGlobal
